
Microsoft Visual Studio Solution File, Format Version 12.00
Project("{2150E333-8FDC-42A3-9474-1A3956D46DE8}") = "client-service", "client-service", "{DA2CD664-E4D3-4697-A683-324EE80CEA15}"
EndProject
Project("{2150E333-8FDC-42A3-9474-1A3956D46DE8}") = "report-service", "report-service", "{5F7C1EE7-A46B-4515-B20D-41E43CD43C8B}"
EndProject
Project("{FAE04EC0-301F-11D3-BF4B-00C04F79EFBC}") = "Presentation", "client-service\Presentation\Presentation.csproj", "{EFB1CE82-A65B-4295-81ED-3DD873B6F5D4}"
EndProject
Project("{FAE04EC0-301F-11D3-BF4B-00C04F79EFBC}") = "Infrastructure.Kafka", "client-service\Infrastructure.Kafka\Infrastructure.Kafka.csproj", "{D5B8F7E1-7585-408C-9C42-F4C7CF670531}"
EndProject
Project("{FAE04EC0-301F-11D3-BF4B-00C04F79EFBC}") = "Application", "client-service\Application\Application.csproj", "{AE1529D4-A889-43C6-BF86-FE384BC5CE64}"
EndProject
Project("{FAE04EC0-301F-11D3-BF4B-00C04F79EFBC}") = "Presentation", "report-service\Presentation\Presentation.csproj", "{788D8644-C225-482D-B14C-EE161F8C1E4B}"
EndProject
Project("{FAE04EC0-301F-11D3-BF4B-00C04F79EFBC}") = "Application", "report-service\Application\Application.csproj", "{68FAEC98-0AE8-409A-A0D5-1ACAA9173A00}"
EndProject
Project("{FAE04EC0-301F-11D3-BF4B-00C04F79EFBC}") = "Infrastructure.Data", "report-service\Infrastructure.Data\Infrastructure.Data.csproj", "{E7FD0C91-F8EB-4C81-A3BA-90E55574AFDD}"
EndProject
Project("{FAE04EC0-301F-11D3-BF4B-00C04F79EFBC}") = "Infrastructure.Kafka", "report-service\Infrastructure.Kafka\Infrastructure.Kafka.csproj", "{98D09715-4ED5-494B-86DB-7646C829C264}"
EndProject
Project("{FAE04EC0-301F-11D3-BF4B-00C04F79EFBC}") = "Presentation.Kafka", "report-service\Presentation.Kafka\Presentation.Kafka.csproj", "{C296B294-5975-41E5-B168-32162CAD7B15}"
EndProject
Project("{FAE04EC0-301F-11D3-BF4B-00C04F79EFBC}") = "Contracts", "report-service\Contracts\Contracts.csproj", "{50C6C9FB-A1D1-4CD2-9B9C-AB291B4C875B}"
EndProject
Project("{FAE04EC0-301F-11D3-BF4B-00C04F79EFBC}") = "Contracts", "client-service\Contracts\Contracts.csproj", "{DA0103FE-DD26-4AE8-8C80-718DA6F1F2A2}"
EndProject
Project("{FAE04EC0-301F-11D3-BF4B-00C04F79EFBC}") = "Tests", "report-service\Tests\Tests.csproj", "{FBC037E7-711E-4640-AE45-6C554A38AB00}"
EndProject
Global
	GlobalSection(SolutionConfigurationPlatforms) = preSolution
		Debug|Any CPU = Debug|Any CPU
		Release|Any CPU = Release|Any CPU
	EndGlobalSection
	GlobalSection(NestedProjects) = preSolution
		{EFB1CE82-A65B-4295-81ED-3DD873B6F5D4} = {DA2CD664-E4D3-4697-A683-324EE80CEA15}
		{D5B8F7E1-7585-408C-9C42-F4C7CF670531} = {DA2CD664-E4D3-4697-A683-324EE80CEA15}
		{AE1529D4-A889-43C6-BF86-FE384BC5CE64} = {DA2CD664-E4D3-4697-A683-324EE80CEA15}
		{788D8644-C225-482D-B14C-EE161F8C1E4B} = {5F7C1EE7-A46B-4515-B20D-41E43CD43C8B}
		{68FAEC98-0AE8-409A-A0D5-1ACAA9173A00} = {5F7C1EE7-A46B-4515-B20D-41E43CD43C8B}
		{E7FD0C91-F8EB-4C81-A3BA-90E55574AFDD} = {5F7C1EE7-A46B-4515-B20D-41E43CD43C8B}
		{98D09715-4ED5-494B-86DB-7646C829C264} = {5F7C1EE7-A46B-4515-B20D-41E43CD43C8B}
		{C296B294-5975-41E5-B168-32162CAD7B15} = {5F7C1EE7-A46B-4515-B20D-41E43CD43C8B}
		{50C6C9FB-A1D1-4CD2-9B9C-AB291B4C875B} = {5F7C1EE7-A46B-4515-B20D-41E43CD43C8B}
		{DA0103FE-DD26-4AE8-8C80-718DA6F1F2A2} = {DA2CD664-E4D3-4697-A683-324EE80CEA15}
		{FBC037E7-711E-4640-AE45-6C554A38AB00} = {5F7C1EE7-A46B-4515-B20D-41E43CD43C8B}
	EndGlobalSection
	GlobalSection(ProjectConfigurationPlatforms) = postSolution
		{EFB1CE82-A65B-4295-81ED-3DD873B6F5D4}.Debug|Any CPU.ActiveCfg = Debug|Any CPU
		{EFB1CE82-A65B-4295-81ED-3DD873B6F5D4}.Debug|Any CPU.Build.0 = Debug|Any CPU
		{EFB1CE82-A65B-4295-81ED-3DD873B6F5D4}.Release|Any CPU.ActiveCfg = Release|Any CPU
		{EFB1CE82-A65B-4295-81ED-3DD873B6F5D4}.Release|Any CPU.Build.0 = Release|Any CPU
		{D5B8F7E1-7585-408C-9C42-F4C7CF670531}.Debug|Any CPU.ActiveCfg = Debug|Any CPU
		{D5B8F7E1-7585-408C-9C42-F4C7CF670531}.Debug|Any CPU.Build.0 = Debug|Any CPU
		{D5B8F7E1-7585-408C-9C42-F4C7CF670531}.Release|Any CPU.ActiveCfg = Release|Any CPU
		{D5B8F7E1-7585-408C-9C42-F4C7CF670531}.Release|Any CPU.Build.0 = Release|Any CPU
		{AE1529D4-A889-43C6-BF86-FE384BC5CE64}.Debug|Any CPU.ActiveCfg = Debug|Any CPU
		{AE1529D4-A889-43C6-BF86-FE384BC5CE64}.Debug|Any CPU.Build.0 = Debug|Any CPU
		{AE1529D4-A889-43C6-BF86-FE384BC5CE64}.Release|Any CPU.ActiveCfg = Release|Any CPU
		{AE1529D4-A889-43C6-BF86-FE384BC5CE64}.Release|Any CPU.Build.0 = Release|Any CPU
		{788D8644-C225-482D-B14C-EE161F8C1E4B}.Debug|Any CPU.ActiveCfg = Debug|Any CPU
		{788D8644-C225-482D-B14C-EE161F8C1E4B}.Debug|Any CPU.Build.0 = Debug|Any CPU
		{788D8644-C225-482D-B14C-EE161F8C1E4B}.Release|Any CPU.ActiveCfg = Release|Any CPU
		{788D8644-C225-482D-B14C-EE161F8C1E4B}.Release|Any CPU.Build.0 = Release|Any CPU
		{68FAEC98-0AE8-409A-A0D5-1ACAA9173A00}.Debug|Any CPU.ActiveCfg = Debug|Any CPU
		{68FAEC98-0AE8-409A-A0D5-1ACAA9173A00}.Debug|Any CPU.Build.0 = Debug|Any CPU
		{68FAEC98-0AE8-409A-A0D5-1ACAA9173A00}.Release|Any CPU.ActiveCfg = Release|Any CPU
		{68FAEC98-0AE8-409A-A0D5-1ACAA9173A00}.Release|Any CPU.Build.0 = Release|Any CPU
		{E7FD0C91-F8EB-4C81-A3BA-90E55574AFDD}.Debug|Any CPU.ActiveCfg = Debug|Any CPU
		{E7FD0C91-F8EB-4C81-A3BA-90E55574AFDD}.Debug|Any CPU.Build.0 = Debug|Any CPU
		{E7FD0C91-F8EB-4C81-A3BA-90E55574AFDD}.Release|Any CPU.ActiveCfg = Release|Any CPU
		{E7FD0C91-F8EB-4C81-A3BA-90E55574AFDD}.Release|Any CPU.Build.0 = Release|Any CPU
		{98D09715-4ED5-494B-86DB-7646C829C264}.Debug|Any CPU.ActiveCfg = Debug|Any CPU
		{98D09715-4ED5-494B-86DB-7646C829C264}.Debug|Any CPU.Build.0 = Debug|Any CPU
		{98D09715-4ED5-494B-86DB-7646C829C264}.Release|Any CPU.ActiveCfg = Release|Any CPU
		{98D09715-4ED5-494B-86DB-7646C829C264}.Release|Any CPU.Build.0 = Release|Any CPU
		{C296B294-5975-41E5-B168-32162CAD7B15}.Debug|Any CPU.ActiveCfg = Debug|Any CPU
		{C296B294-5975-41E5-B168-32162CAD7B15}.Debug|Any CPU.Build.0 = Debug|Any CPU
		{C296B294-5975-41E5-B168-32162CAD7B15}.Release|Any CPU.ActiveCfg = Release|Any CPU
		{C296B294-5975-41E5-B168-32162CAD7B15}.Release|Any CPU.Build.0 = Release|Any CPU
		{50C6C9FB-A1D1-4CD2-9B9C-AB291B4C875B}.Debug|Any CPU.ActiveCfg = Debug|Any CPU
		{50C6C9FB-A1D1-4CD2-9B9C-AB291B4C875B}.Debug|Any CPU.Build.0 = Debug|Any CPU
		{50C6C9FB-A1D1-4CD2-9B9C-AB291B4C875B}.Release|Any CPU.ActiveCfg = Release|Any CPU
		{50C6C9FB-A1D1-4CD2-9B9C-AB291B4C875B}.Release|Any CPU.Build.0 = Release|Any CPU
		{DA0103FE-DD26-4AE8-8C80-718DA6F1F2A2}.Debug|Any CPU.ActiveCfg = Debug|Any CPU
		{DA0103FE-DD26-4AE8-8C80-718DA6F1F2A2}.Debug|Any CPU.Build.0 = Debug|Any CPU
		{DA0103FE-DD26-4AE8-8C80-718DA6F1F2A2}.Release|Any CPU.ActiveCfg = Release|Any CPU
		{DA0103FE-DD26-4AE8-8C80-718DA6F1F2A2}.Release|Any CPU.Build.0 = Release|Any CPU
		{FBC037E7-711E-4640-AE45-6C554A38AB00}.Debug|Any CPU.ActiveCfg = Debug|Any CPU
		{FBC037E7-711E-4640-AE45-6C554A38AB00}.Debug|Any CPU.Build.0 = Debug|Any CPU
		{FBC037E7-711E-4640-AE45-6C554A38AB00}.Release|Any CPU.ActiveCfg = Release|Any CPU
		{FBC037E7-711E-4640-AE45-6C554A38AB00}.Release|Any CPU.Build.0 = Release|Any CPU
	EndGlobalSection
EndGlobal
